
Microsoft Visual Studio Solution File, Format Version 12.00
# Visual Studio 15
Project("{FAE04EC0-301F-11D3-BF4B-00C04F79EFBC}") = "Assembly-CSharp", "Assembly-CSharp.csproj", "{2BC775B3-B4BD-69BF-B3C3-0FD7EBC46238}"
EndProject
Project("{FAE04EC0-301F-11D3-BF4B-00C04F79EFBC}") = "Assembly-CSharp-Editor", "Assembly-CSharp-Editor.csproj", "{D9C1A82C-D771-0629-ED78-D765BAC3DB90}"
EndProject
Global
	GlobalSection(SolutionConfigurationPlatforms) = preSolution
		Debug|Any CPU = Debug|Any CPU
		Release|Any CPU = Release|Any CPU
	EndGlobalSection
	GlobalSection(ProjectConfigurationPlatforms) = postSolution
		{2BC775B3-B4BD-69BF-B3C3-0FD7EBC46238}.Debug|Any CPU.ActiveCfg = Debug|Any CPU
		{2BC775B3-B4BD-69BF-B3C3-0FD7EBC46238}.Debug|Any CPU.Build.0 = Debug|Any CPU
		{2BC775B3-B4BD-69BF-B3C3-0FD7EBC46238}.Release|Any CPU.ActiveCfg = Release|Any CPU
		{2BC775B3-B4BD-69BF-B3C3-0FD7EBC46238}.Release|Any CPU.Build.0 = Release|Any CPU
		{D9C1A82C-D771-0629-ED78-D765BAC3DB90}.Debug|Any CPU.ActiveCfg = Debug|Any CPU
		{D9C1A82C-D771-0629-ED78-D765BAC3DB90}.Debug|Any CPU.Build.0 = Debug|Any CPU
		{D9C1A82C-D771-0629-ED78-D765BAC3DB90}.Release|Any CPU.ActiveCfg = Release|Any CPU
		{D9C1A82C-D771-0629-ED78-D765BAC3DB90}.Release|Any CPU.Build.0 = Release|Any CPU
	EndGlobalSection
	GlobalSection(SolutionProperties) = preSolution
		HideSolutionNode = FALSE
	EndGlobalSection
EndGlobal
